
Microsoft Visual Studio Solution File, Format Version 12.00
# Visual Studio Version 17
VisualStudioVersion = 17.14.36518.9 d17.14
MinimumVisualStudioVersion = 10.0.40219.1
Project("{FAE04EC0-301F-11D3-BF4B-00C04F79EFBC}") = "24DH111266_MyStore", "24DH111266_MyStore\24DH111266_MyStore.csproj", "{942F6B92-E15D-495B-AC7F-39416E75E19A}"
EndProject
Global
	GlobalSection(SolutionConfigurationPlatforms) = preSolution
		Debug|Any CPU = Debug|Any CPU
		Release|Any CPU = Release|Any CPU
	EndGlobalSection
	GlobalSection(ProjectConfigurationPlatforms) = postSolution
		{942F6B92-E15D-495B-AC7F-39416E75E19A}.Debug|Any CPU.ActiveCfg = Debug|Any CPU
		{942F6B92-E15D-495B-AC7F-39416E75E19A}.Debug|Any CPU.Build.0 = Debug|Any CPU
		{942F6B92-E15D-495B-AC7F-39416E75E19A}.Release|Any CPU.ActiveCfg = Release|Any CPU
		{942F6B92-E15D-495B-AC7F-39416E75E19A}.Release|Any CPU.Build.0 = Release|Any CPU
	EndGlobalSection
	GlobalSection(SolutionProperties) = preSolution
		HideSolutionNode = FALSE
	EndGlobalSection
	GlobalSection(ExtensibilityGlobals) = postSolution
		SolutionGuid = {8DCCB0FD-A6E6-45A0-9DA7-37BB898DC96C}
	EndGlobalSection
EndGlobal
